
Microsoft Visual Studio Solution File, Format Version 12.00
# Visual Studio Version 17
VisualStudioVersion = 17.14.36414.22 d17.14
MinimumVisualStudioVersion = 10.0.40219.1
Project("{888888A0-9F3D-457C-B088-3A5042F75D52}") = "mh", "mh.pyproj", "{AE008D9C-57A7-453B-8823-D07EF2C57357}"
EndProject
Global
	GlobalSection(SolutionConfigurationPlatforms) = preSolution
		Debug|Any CPU = Debug|Any CPU
		Release|Any CPU = Release|Any CPU
	EndGlobalSection
	GlobalSection(ProjectConfigurationPlatforms) = postSolution
		{AE008D9C-57A7-453B-8823-D07EF2C57357}.Debug|Any CPU.ActiveCfg = Debug|Any CPU
		{AE008D9C-57A7-453B-8823-D07EF2C57357}.Release|Any CPU.ActiveCfg = Release|Any CPU
	EndGlobalSection
	GlobalSection(SolutionProperties) = preSolution
		HideSolutionNode = FALSE
	EndGlobalSection
	GlobalSection(ExtensibilityGlobals) = postSolution
		SolutionGuid = {C81E2F9E-4518-4945-A1DB-AC2CF10B9FB9}
	EndGlobalSection
EndGlobal
